
Microsoft Visual Studio Solution File, Format Version 12.00
# Visual Studio 15
VisualStudioVersion = 15.0.27703.2018
MinimumVisualStudioVersion = 10.0.40219.1
Project("{FAE04EC0-301F-11D3-BF4B-00C04F79EFBC}") = "SortAndSearch", "SortAndSearch\SortAndSearch.csproj", "{62D97875-BD63-4798-A683-24408B6A408E}"
EndProject
Global
	GlobalSection(SolutionConfigurationPlatforms) = preSolution
		Debug|Any CPU = Debug|Any CPU
		Release|Any CPU = Release|Any CPU
	EndGlobalSection
	GlobalSection(ProjectConfigurationPlatforms) = postSolution
		{62D97875-BD63-4798-A683-24408B6A408E}.Debug|Any CPU.ActiveCfg = Debug|Any CPU
		{62D97875-BD63-4798-A683-24408B6A408E}.Debug|Any CPU.Build.0 = Debug|Any CPU
		{62D97875-BD63-4798-A683-24408B6A408E}.Release|Any CPU.ActiveCfg = Release|Any CPU
		{62D97875-BD63-4798-A683-24408B6A408E}.Release|Any CPU.Build.0 = Release|Any CPU
	EndGlobalSection
	GlobalSection(SolutionProperties) = preSolution
		HideSolutionNode = FALSE
	EndGlobalSection
	GlobalSection(ExtensibilityGlobals) = postSolution
		SolutionGuid = {F9B477F8-3C17-417B-92A8-45C5F8AC52D3}
	EndGlobalSection
EndGlobal
